
Microsoft Visual Studio Solution File, Format Version 12.00
# Visual Studio Version 16
VisualStudioVersion = 16.0.33130.400
MinimumVisualStudioVersion = 10.0.40219.1
Project("{FAE04EC0-301F-11D3-BF4B-00C04F79EFBC}") = "Squad of soldiers", "Squad of soldiers\Squad of soldiers.csproj", "{B58E4873-CA39-43C6-BBE6-C8BA25DC731B}"
EndProject
Global
	GlobalSection(SolutionConfigurationPlatforms) = preSolution
		Debug|Any CPU = Debug|Any CPU
		Release|Any CPU = Release|Any CPU
	EndGlobalSection
	GlobalSection(ProjectConfigurationPlatforms) = postSolution
		{B58E4873-CA39-43C6-BBE6-C8BA25DC731B}.Debug|Any CPU.ActiveCfg = Debug|Any CPU
		{B58E4873-CA39-43C6-BBE6-C8BA25DC731B}.Debug|Any CPU.Build.0 = Debug|Any CPU
		{B58E4873-CA39-43C6-BBE6-C8BA25DC731B}.Release|Any CPU.ActiveCfg = Release|Any CPU
		{B58E4873-CA39-43C6-BBE6-C8BA25DC731B}.Release|Any CPU.Build.0 = Release|Any CPU
	EndGlobalSection
	GlobalSection(SolutionProperties) = preSolution
		HideSolutionNode = FALSE
	EndGlobalSection
	GlobalSection(ExtensibilityGlobals) = postSolution
		SolutionGuid = {3555EB16-D10E-49D9-9E9D-5D0BE630B420}
	EndGlobalSection
EndGlobal
